
Microsoft Visual Studio Solution File, Format Version 12.00
# Visual Studio Version 17
VisualStudioVersion = 17.4.33213.308
MinimumVisualStudioVersion = 10.0.40219.1
Project("{FAE04EC0-301F-11D3-BF4B-00C04F79EFBC}") = "Loxifi.ListFile", "Loxifi.ListFile.csproj", "{6287E01D-E48A-4B51-AC73-3748F9574181}"
EndProject
Global
	GlobalSection(SolutionConfigurationPlatforms) = preSolution
		Debug|Any CPU = Debug|Any CPU
		Release|Any CPU = Release|Any CPU
	EndGlobalSection
	GlobalSection(ProjectConfigurationPlatforms) = postSolution
		{6287E01D-E48A-4B51-AC73-3748F9574181}.Debug|Any CPU.ActiveCfg = Debug|Any CPU
		{6287E01D-E48A-4B51-AC73-3748F9574181}.Debug|Any CPU.Build.0 = Debug|Any CPU
		{6287E01D-E48A-4B51-AC73-3748F9574181}.Release|Any CPU.ActiveCfg = Release|Any CPU
		{6287E01D-E48A-4B51-AC73-3748F9574181}.Release|Any CPU.Build.0 = Release|Any CPU
	EndGlobalSection
	GlobalSection(SolutionProperties) = preSolution
		HideSolutionNode = FALSE
	EndGlobalSection
	GlobalSection(ExtensibilityGlobals) = postSolution
		SolutionGuid = {F586515E-2F4C-45D6-8DE0-EB1ED49D39D8}
	EndGlobalSection
EndGlobal
